
Microsoft Visual Studio Solution File, Format Version 12.00
# Visual Studio Version 17
VisualStudioVersion = 17.9.34728.123
MinimumVisualStudioVersion = 10.0.40219.1
Project("{FAE04EC0-301F-11D3-BF4B-00C04F79EFBC}") = "Complementario04", "Complementario04\Complementario04.csproj", "{3BFD2FB9-D1E9-4286-ACCB-6AC665A4FCBF}"
EndProject
Global
	GlobalSection(SolutionConfigurationPlatforms) = preSolution
		Debug|Any CPU = Debug|Any CPU
		Release|Any CPU = Release|Any CPU
	EndGlobalSection
	GlobalSection(ProjectConfigurationPlatforms) = postSolution
		{3BFD2FB9-D1E9-4286-ACCB-6AC665A4FCBF}.Debug|Any CPU.ActiveCfg = Debug|Any CPU
		{3BFD2FB9-D1E9-4286-ACCB-6AC665A4FCBF}.Debug|Any CPU.Build.0 = Debug|Any CPU
		{3BFD2FB9-D1E9-4286-ACCB-6AC665A4FCBF}.Debug|Any CPU.Deploy.0 = Debug|Any CPU
		{3BFD2FB9-D1E9-4286-ACCB-6AC665A4FCBF}.Release|Any CPU.ActiveCfg = Release|Any CPU
		{3BFD2FB9-D1E9-4286-ACCB-6AC665A4FCBF}.Release|Any CPU.Build.0 = Release|Any CPU
		{3BFD2FB9-D1E9-4286-ACCB-6AC665A4FCBF}.Release|Any CPU.Deploy.0 = Release|Any CPU
	EndGlobalSection
	GlobalSection(SolutionProperties) = preSolution
		HideSolutionNode = FALSE
	EndGlobalSection
	GlobalSection(ExtensibilityGlobals) = postSolution
		SolutionGuid = {63F19D18-9E2E-40B3-BB6E-CEC461C3D432}
	EndGlobalSection
EndGlobal
